
Microsoft Visual Studio Solution File, Format Version 12.00
# Visual Studio Version 17
VisualStudioVersion = 17.10.35013.160
MinimumVisualStudioVersion = 10.0.40219.1
Project("{FAE04EC0-301F-11D3-BF4B-00C04F79EFBC}") = "27-6-2024", "27-6-2024\27-6-2024.csproj", "{2C5E65BF-BA87-4B69-B1DC-B81586DCCAA1}"
EndProject
Global
	GlobalSection(SolutionConfigurationPlatforms) = preSolution
		Debug|Any CPU = Debug|Any CPU
		Release|Any CPU = Release|Any CPU
	EndGlobalSection
	GlobalSection(ProjectConfigurationPlatforms) = postSolution
		{2C5E65BF-BA87-4B69-B1DC-B81586DCCAA1}.Debug|Any CPU.ActiveCfg = Debug|Any CPU
		{2C5E65BF-BA87-4B69-B1DC-B81586DCCAA1}.Debug|Any CPU.Build.0 = Debug|Any CPU
		{2C5E65BF-BA87-4B69-B1DC-B81586DCCAA1}.Release|Any CPU.ActiveCfg = Release|Any CPU
		{2C5E65BF-BA87-4B69-B1DC-B81586DCCAA1}.Release|Any CPU.Build.0 = Release|Any CPU
	EndGlobalSection
	GlobalSection(SolutionProperties) = preSolution
		HideSolutionNode = FALSE
	EndGlobalSection
	GlobalSection(ExtensibilityGlobals) = postSolution
		SolutionGuid = {B41F337A-897B-42FD-A9F4-D6A58EF4AE3B}
	EndGlobalSection
EndGlobal
