
Microsoft Visual Studio Solution File, Format Version 12.00
# Visual Studio Version 17
VisualStudioVersion = 17.10.35013.160
MinimumVisualStudioVersion = 10.0.40219.1
Project("{FAE04EC0-301F-11D3-BF4B-00C04F79EFBC}") = "1-7-2024", "1-7-2024\1-7-2024.csproj", "{4D773BF7-0DA7-40E4-A5DA-E866DB86E8DD}"
EndProject
Global
	GlobalSection(SolutionConfigurationPlatforms) = preSolution
		Debug|Any CPU = Debug|Any CPU
		Release|Any CPU = Release|Any CPU
	EndGlobalSection
	GlobalSection(ProjectConfigurationPlatforms) = postSolution
		{4D773BF7-0DA7-40E4-A5DA-E866DB86E8DD}.Debug|Any CPU.ActiveCfg = Debug|Any CPU
		{4D773BF7-0DA7-40E4-A5DA-E866DB86E8DD}.Debug|Any CPU.Build.0 = Debug|Any CPU
		{4D773BF7-0DA7-40E4-A5DA-E866DB86E8DD}.Release|Any CPU.ActiveCfg = Release|Any CPU
		{4D773BF7-0DA7-40E4-A5DA-E866DB86E8DD}.Release|Any CPU.Build.0 = Release|Any CPU
	EndGlobalSection
	GlobalSection(SolutionProperties) = preSolution
		HideSolutionNode = FALSE
	EndGlobalSection
	GlobalSection(ExtensibilityGlobals) = postSolution
		SolutionGuid = {7473E07C-1EA4-457E-9870-929E7D2F04DB}
	EndGlobalSection
EndGlobal
